
Microsoft Visual Studio Solution File, Format Version 12.00
# Visual Studio Version 17
VisualStudioVersion = 17.10.35013.160
MinimumVisualStudioVersion = 10.0.40219.1
Project("{2150E333-8FDC-42A3-9474-1A3956D46DE8}") = "API", "API", "{9B3A72D6-18F9-460A-93F6-08AF53E9CF32}"
EndProject
Project("{2150E333-8FDC-42A3-9474-1A3956D46DE8}") = "Modules", "Modules", "{729BC23B-2B6F-4486-B091-BA49AD0E9612}"
EndProject
Project("{2150E333-8FDC-42A3-9474-1A3956D46DE8}") = "Common", "Common", "{3094D812-08DB-48B2-9A61-A9CE400CC72D}"
EndProject
Project("{9A19103F-16F7-4668-BE54-9A1E7A4F7556}") = "UnpakAsset.Api", "UnpakAsset.Api\UnpakAsset.Api.csproj", "{3A8993C3-DFBB-4341-8D57-0EFF85217F2F}"
EndProject
Project("{9A19103F-16F7-4668-BE54-9A1E7A4F7556}") = "UnpakAsset.Common.Application", "UnpakAsset.Common.Application\UnpakAsset.Common.Application.csproj", "{A1157056-7B1B-48B8-AEF9-C69C5AA39E65}"
EndProject
Project("{9A19103F-16F7-4668-BE54-9A1E7A4F7556}") = "UnpakAsset.Common.Domain", "UnpakAsset.Common.Domain\UnpakAsset.Common.Domain.csproj", "{A6415800-289A-4CA3-B919-7A9AD4CA5BA1}"
EndProject
Project("{9A19103F-16F7-4668-BE54-9A1E7A4F7556}") = "UnpakAsset.Common.Infrastructure", "UnpakAsset.Common.Infrastructure\UnpakAsset.Common.Infrastructure.csproj", "{BA8AAE5C-0FC5-4C88-AE70-7B776B1706CC}"
EndProject
Project("{2150E333-8FDC-42A3-9474-1A3956D46DE8}") = "Asset", "Asset", "{4BF3A01F-D27F-43AD-8C10-9EE55DF5B2DD}"
EndProject
Project("{2150E333-8FDC-42A3-9474-1A3956D46DE8}") = "AssignAsset", "AssignAsset", "{A51CA6AA-7385-4AF8-9732-543838DBA8A3}"
EndProject
Project("{2150E333-8FDC-42A3-9474-1A3956D46DE8}") = "PhysicalAsset", "PhysicalAsset", "{2D08EF98-EEAD-484F-901C-BB6D27E3F311}"
EndProject
Project("{2150E333-8FDC-42A3-9474-1A3956D46DE8}") = "MoveAsset", "MoveAsset", "{A81EC041-C8CD-46F5-92EA-CA362C703C2C}"
EndProject
Project("{2150E333-8FDC-42A3-9474-1A3956D46DE8}") = "DisposalAsset", "DisposalAsset", "{AB377F65-02F8-4B5E-B85E-4B76F59CD6B3}"
EndProject
Project("{2150E333-8FDC-42A3-9474-1A3956D46DE8}") = "RepairAsset", "RepairAsset", "{F3F490D4-8B72-45AC-9970-70E9DF0B929F}"
EndProject
Project("{2150E333-8FDC-42A3-9474-1A3956D46DE8}") = "Ticket", "Ticket", "{52868F4B-DD6F-4514-9E06-160CAB270BBB}"
EndProject
Project("{9A19103F-16F7-4668-BE54-9A1E7A4F7556}") = "UnpakAsset.Modules.Asset.Application", "UnpakAsset.Modules.Asset.Application\UnpakAsset.Modules.Asset.Application.csproj", "{0F2F16F2-7794-4FB8-99D8-CD8B77F928A1}"
EndProject
Project("{9A19103F-16F7-4668-BE54-9A1E7A4F7556}") = "UnpakAsset.Modules.Asset.Domain", "UnpakAsset.Modules.Asset.Domain\UnpakAsset.Modules.Asset.Domain.csproj", "{D1B7F166-8F02-4344-9766-D2A14621D976}"
EndProject
Project("{9A19103F-16F7-4668-BE54-9A1E7A4F7556}") = "UnpakAsset.Modules.Asset.Infrastructure", "UnpakAsset.Modules.Asset.Infrastructure\UnpakAsset.Modules.Asset.Infrastructure.csproj", "{016B1102-958F-4B55-97EA-FA3F56E369FD}"
EndProject
Project("{9A19103F-16F7-4668-BE54-9A1E7A4F7556}") = "UnpakAsset.Modules.Asset.Presentation", "UnpakAsset.Modules.Asset.Presentation\UnpakAsset.Modules.Asset.Presentation.csproj", "{C83226DD-6B04-4C2E-8CE3-77413F289494}"
EndProject
Project("{2150E333-8FDC-42A3-9474-1A3956D46DE8}") = "Tag", "Tag", "{C373F9EB-5279-482C-9518-D4A40E24A551}"
EndProject
Project("{9A19103F-16F7-4668-BE54-9A1E7A4F7556}") = "UnpakAsset.Modules.Tag.Application", "UnpakAsset.Modules.Tag.Application\UnpakAsset.Modules.Tag.Application.csproj", "{55B3001F-46E4-49FE-AC92-C980E484E402}"
EndProject
Project("{9A19103F-16F7-4668-BE54-9A1E7A4F7556}") = "UnpakAsset.Modules.Tag.Domain", "UnpakAsset.Modules.Tag.Domain\UnpakAsset.Modules.Tag.Domain.csproj", "{A2372D17-ADC0-42ED-B3E4-80EB023764AB}"
EndProject
Project("{9A19103F-16F7-4668-BE54-9A1E7A4F7556}") = "UnpakAsset.Modules.Tag.Infrastructure", "UnpakAsset.Modules.Tag.Infrastructure\UnpakAsset.Modules.Tag.Infrastructure.csproj", "{7B017F4E-86C2-4A92-96D0-96BBC842AD54}"
EndProject
Project("{9A19103F-16F7-4668-BE54-9A1E7A4F7556}") = "UnpakAsset.Modules.Tag.Presentation", "UnpakAsset.Modules.Tag.Presentation\UnpakAsset.Modules.Tag.Presentation.csproj", "{9427FC24-2BD3-4BFF-893E-FC4CC483A0B1}"
EndProject
Project("{9A19103F-16F7-4668-BE54-9A1E7A4F7556}") = "UnpakAsset.Common.Presentation", "UnpakAsset.Common.Presentation\UnpakAsset.Common.Presentation.csproj", "{1C8F7E0C-E78F-4B5B-BB41-4893AF5A89A1}"
EndProject
Project("{9A19103F-16F7-4668-BE54-9A1E7A4F7556}") = "UnpakAsset.Modules.AssignAsset.Application", "UnpakAsset.Modules.AssignAsset.Application\UnpakAsset.Modules.AssignAsset.Application.csproj", "{D576562D-11AC-4E17-A3DE-F7D0E8FEAEF0}"
EndProject
Project("{9A19103F-16F7-4668-BE54-9A1E7A4F7556}") = "UnpakAsset.Modules.AssignAsset.Domain", "UnpakAsset.Modules.AssignAsset.Domain\UnpakAsset.Modules.AssignAsset.Domain.csproj", "{3E1AAC2E-9F04-4835-B318-352C6DFED25A}"
EndProject
Project("{9A19103F-16F7-4668-BE54-9A1E7A4F7556}") = "UnpakAsset.Modules.AssignAsset.Infrastructure", "UnpakAsset.Modules.AssignAsset.Infrastructure\UnpakAsset.Modules.AssignAsset.Infrastructure.csproj", "{76B9850B-A696-4201-8FEA-889105C1ADA1}"
EndProject
Project("{9A19103F-16F7-4668-BE54-9A1E7A4F7556}") = "UnpakAsset.Modules.AssignAsset.Presentation", "UnpakAsset.Modules.AssignAsset.Presentation\UnpakAsset.Modules.AssignAsset.Presentation.csproj", "{EEE79714-2B94-482D-942B-68265E1996E6}"
EndProject
Project("{9A19103F-16F7-4668-BE54-9A1E7A4F7556}") = "UnpakAsset.Modules.MoveAsset.Application", "UnpakAsset.Modules.MoveAsset.Application\UnpakAsset.Modules.MoveAsset.Application.csproj", "{4DF4FD3A-02DA-43AD-9FE6-3AFCBBA46EBD}"
EndProject
Project("{9A19103F-16F7-4668-BE54-9A1E7A4F7556}") = "UnpakAsset.Modules.MoveAsset.Domain", "UnpakAsset.Modules.MoveAsset.Domain\UnpakAsset.Modules.MoveAsset.Domain.csproj", "{7954C6EC-FE42-4BA5-868A-0BF384DC98C3}"
EndProject
Project("{9A19103F-16F7-4668-BE54-9A1E7A4F7556}") = "UnpakAsset.Modules.MoveAsset.Infrastructure", "UnpakAsset.Modules.MoveAsset.Infrastructure\UnpakAsset.Modules.MoveAsset.Infrastructure.csproj", "{BB07933B-8161-4DA7-91AC-926AECDC6161}"
EndProject
Project("{9A19103F-16F7-4668-BE54-9A1E7A4F7556}") = "UnpakAsset.Modules.MoveAsset.Presentation", "UnpakAsset.Modules.MoveAsset.Presentation\UnpakAsset.Modules.MoveAsset.Presentation.csproj", "{ACD6A3E0-BECE-4D66-8B38-84AB02067B94}"
EndProject
Project("{FAE04EC0-301F-11D3-BF4B-00C04F79EFBC}") = "UnpakAsset.Modules.PhysicalAsset.Application", "UnpakAsset.Modules.PhysicalAsset.Application\UnpakAsset.Modules.PhysicalAsset.Application.csproj", "{E7B1FBA8-43D0-4A0D-ABD8-09E3EE23323C}"
EndProject
Project("{FAE04EC0-301F-11D3-BF4B-00C04F79EFBC}") = "UnpakAsset.Modules.PhysicalAsset.Domain", "UnpakAsset.Modules.PhysicalAsset.Domain\UnpakAsset.Modules.PhysicalAsset.Domain.csproj", "{745D4A84-F705-43A3-9B9F-E8D778A4CDC0}"
EndProject
Project("{FAE04EC0-301F-11D3-BF4B-00C04F79EFBC}") = "UnpakAsset.Modules.PhysicalAsset.Infrastructure", "UnpakAsset.Modules.PhysicalAsset.Infrastructure\UnpakAsset.Modules.PhysicalAsset.Infrastructure.csproj", "{3C02A78F-9339-40A4-AB71-89842F7FEA1B}"
EndProject
Project("{FAE04EC0-301F-11D3-BF4B-00C04F79EFBC}") = "UnpakAsset.Modules.PhysicalAsset.Presentation", "UnpakAsset.Modules.PhysicalAsset.Presentation\UnpakAsset.Modules.PhysicalAsset.Presentation.csproj", "{27F780DD-947A-4B22-85BD-90D125CCAE2B}"
EndProject
Project("{FAE04EC0-301F-11D3-BF4B-00C04F79EFBC}") = "UnpakAsset.Modules.RepairAsset.Application", "UnpakAsset.Modules.RepairAsset.Application\UnpakAsset.Modules.RepairAsset.Application.csproj", "{0A7F47A4-8CAD-427B-BB24-7F22FABE29CD}"
EndProject
Project("{FAE04EC0-301F-11D3-BF4B-00C04F79EFBC}") = "UnpakAsset.Modules.RepairAsset.Domain", "UnpakAsset.Modules.RepairAsset.Domain\UnpakAsset.Modules.RepairAsset.Domain.csproj", "{38B46E47-B677-4AAE-9F9B-743DDFC39369}"
EndProject
Project("{FAE04EC0-301F-11D3-BF4B-00C04F79EFBC}") = "UnpakAsset.Modules.RepairAsset.Infrastructure", "UnpakAsset.Modules.RepairAsset.Infrastructure\UnpakAsset.Modules.RepairAsset.Infrastructure.csproj", "{E7814C85-16E2-444A-8151-487260E0A6D6}"
EndProject
Project("{FAE04EC0-301F-11D3-BF4B-00C04F79EFBC}") = "UnpakAsset.Modules.RepairAsset.Presentation", "UnpakAsset.Modules.RepairAsset.Presentation\UnpakAsset.Modules.RepairAsset.Presentation.csproj", "{E0D8EF40-88E6-4261-A1B4-29C3AD5657E6}"
EndProject
Global
	GlobalSection(SolutionConfigurationPlatforms) = preSolution
		Debug|Any CPU = Debug|Any CPU
		Release|Any CPU = Release|Any CPU
	EndGlobalSection
	GlobalSection(ProjectConfigurationPlatforms) = postSolution
		{3A8993C3-DFBB-4341-8D57-0EFF85217F2F}.Debug|Any CPU.ActiveCfg = Debug|Any CPU
		{3A8993C3-DFBB-4341-8D57-0EFF85217F2F}.Debug|Any CPU.Build.0 = Debug|Any CPU
		{3A8993C3-DFBB-4341-8D57-0EFF85217F2F}.Release|Any CPU.ActiveCfg = Release|Any CPU
		{3A8993C3-DFBB-4341-8D57-0EFF85217F2F}.Release|Any CPU.Build.0 = Release|Any CPU
		{A1157056-7B1B-48B8-AEF9-C69C5AA39E65}.Debug|Any CPU.ActiveCfg = Debug|Any CPU
		{A1157056-7B1B-48B8-AEF9-C69C5AA39E65}.Debug|Any CPU.Build.0 = Debug|Any CPU
		{A1157056-7B1B-48B8-AEF9-C69C5AA39E65}.Release|Any CPU.ActiveCfg = Release|Any CPU
		{A1157056-7B1B-48B8-AEF9-C69C5AA39E65}.Release|Any CPU.Build.0 = Release|Any CPU
		{A6415800-289A-4CA3-B919-7A9AD4CA5BA1}.Debug|Any CPU.ActiveCfg = Debug|Any CPU
		{A6415800-289A-4CA3-B919-7A9AD4CA5BA1}.Debug|Any CPU.Build.0 = Debug|Any CPU
		{A6415800-289A-4CA3-B919-7A9AD4CA5BA1}.Release|Any CPU.ActiveCfg = Release|Any CPU
		{A6415800-289A-4CA3-B919-7A9AD4CA5BA1}.Release|Any CPU.Build.0 = Release|Any CPU
		{BA8AAE5C-0FC5-4C88-AE70-7B776B1706CC}.Debug|Any CPU.ActiveCfg = Debug|Any CPU
		{BA8AAE5C-0FC5-4C88-AE70-7B776B1706CC}.Debug|Any CPU.Build.0 = Debug|Any CPU
		{BA8AAE5C-0FC5-4C88-AE70-7B776B1706CC}.Release|Any CPU.ActiveCfg = Release|Any CPU
		{BA8AAE5C-0FC5-4C88-AE70-7B776B1706CC}.Release|Any CPU.Build.0 = Release|Any CPU
		{0F2F16F2-7794-4FB8-99D8-CD8B77F928A1}.Debug|Any CPU.ActiveCfg = Debug|Any CPU
		{0F2F16F2-7794-4FB8-99D8-CD8B77F928A1}.Debug|Any CPU.Build.0 = Debug|Any CPU
		{0F2F16F2-7794-4FB8-99D8-CD8B77F928A1}.Release|Any CPU.ActiveCfg = Release|Any CPU
		{0F2F16F2-7794-4FB8-99D8-CD8B77F928A1}.Release|Any CPU.Build.0 = Release|Any CPU
		{D1B7F166-8F02-4344-9766-D2A14621D976}.Debug|Any CPU.ActiveCfg = Debug|Any CPU
		{D1B7F166-8F02-4344-9766-D2A14621D976}.Debug|Any CPU.Build.0 = Debug|Any CPU
		{D1B7F166-8F02-4344-9766-D2A14621D976}.Release|Any CPU.ActiveCfg = Release|Any CPU
		{D1B7F166-8F02-4344-9766-D2A14621D976}.Release|Any CPU.Build.0 = Release|Any CPU
		{016B1102-958F-4B55-97EA-FA3F56E369FD}.Debug|Any CPU.ActiveCfg = Debug|Any CPU
		{016B1102-958F-4B55-97EA-FA3F56E369FD}.Debug|Any CPU.Build.0 = Debug|Any CPU
		{016B1102-958F-4B55-97EA-FA3F56E369FD}.Release|Any CPU.ActiveCfg = Release|Any CPU
		{016B1102-958F-4B55-97EA-FA3F56E369FD}.Release|Any CPU.Build.0 = Release|Any CPU
		{C83226DD-6B04-4C2E-8CE3-77413F289494}.Debug|Any CPU.ActiveCfg = Debug|Any CPU
		{C83226DD-6B04-4C2E-8CE3-77413F289494}.Debug|Any CPU.Build.0 = Debug|Any CPU
		{C83226DD-6B04-4C2E-8CE3-77413F289494}.Release|Any CPU.ActiveCfg = Release|Any CPU
		{C83226DD-6B04-4C2E-8CE3-77413F289494}.Release|Any CPU.Build.0 = Release|Any CPU
		{55B3001F-46E4-49FE-AC92-C980E484E402}.Debug|Any CPU.ActiveCfg = Debug|Any CPU
		{55B3001F-46E4-49FE-AC92-C980E484E402}.Debug|Any CPU.Build.0 = Debug|Any CPU
		{55B3001F-46E4-49FE-AC92-C980E484E402}.Release|Any CPU.ActiveCfg = Release|Any CPU
		{55B3001F-46E4-49FE-AC92-C980E484E402}.Release|Any CPU.Build.0 = Release|Any CPU
		{A2372D17-ADC0-42ED-B3E4-80EB023764AB}.Debug|Any CPU.ActiveCfg = Debug|Any CPU
		{A2372D17-ADC0-42ED-B3E4-80EB023764AB}.Debug|Any CPU.Build.0 = Debug|Any CPU
		{A2372D17-ADC0-42ED-B3E4-80EB023764AB}.Release|Any CPU.ActiveCfg = Release|Any CPU
		{A2372D17-ADC0-42ED-B3E4-80EB023764AB}.Release|Any CPU.Build.0 = Release|Any CPU
		{7B017F4E-86C2-4A92-96D0-96BBC842AD54}.Debug|Any CPU.ActiveCfg = Debug|Any CPU
		{7B017F4E-86C2-4A92-96D0-96BBC842AD54}.Debug|Any CPU.Build.0 = Debug|Any CPU
		{7B017F4E-86C2-4A92-96D0-96BBC842AD54}.Release|Any CPU.ActiveCfg = Release|Any CPU
		{7B017F4E-86C2-4A92-96D0-96BBC842AD54}.Release|Any CPU.Build.0 = Release|Any CPU
		{9427FC24-2BD3-4BFF-893E-FC4CC483A0B1}.Debug|Any CPU.ActiveCfg = Debug|Any CPU
		{9427FC24-2BD3-4BFF-893E-FC4CC483A0B1}.Debug|Any CPU.Build.0 = Debug|Any CPU
		{9427FC24-2BD3-4BFF-893E-FC4CC483A0B1}.Release|Any CPU.ActiveCfg = Release|Any CPU
		{9427FC24-2BD3-4BFF-893E-FC4CC483A0B1}.Release|Any CPU.Build.0 = Release|Any CPU
		{1C8F7E0C-E78F-4B5B-BB41-4893AF5A89A1}.Debug|Any CPU.ActiveCfg = Debug|Any CPU
		{1C8F7E0C-E78F-4B5B-BB41-4893AF5A89A1}.Debug|Any CPU.Build.0 = Debug|Any CPU
		{1C8F7E0C-E78F-4B5B-BB41-4893AF5A89A1}.Release|Any CPU.ActiveCfg = Release|Any CPU
		{1C8F7E0C-E78F-4B5B-BB41-4893AF5A89A1}.Release|Any CPU.Build.0 = Release|Any CPU
		{D576562D-11AC-4E17-A3DE-F7D0E8FEAEF0}.Debug|Any CPU.ActiveCfg = Debug|Any CPU
		{D576562D-11AC-4E17-A3DE-F7D0E8FEAEF0}.Debug|Any CPU.Build.0 = Debug|Any CPU
		{D576562D-11AC-4E17-A3DE-F7D0E8FEAEF0}.Release|Any CPU.ActiveCfg = Release|Any CPU
		{D576562D-11AC-4E17-A3DE-F7D0E8FEAEF0}.Release|Any CPU.Build.0 = Release|Any CPU
		{3E1AAC2E-9F04-4835-B318-352C6DFED25A}.Debug|Any CPU.ActiveCfg = Debug|Any CPU
		{3E1AAC2E-9F04-4835-B318-352C6DFED25A}.Debug|Any CPU.Build.0 = Debug|Any CPU
		{3E1AAC2E-9F04-4835-B318-352C6DFED25A}.Release|Any CPU.ActiveCfg = Release|Any CPU
		{3E1AAC2E-9F04-4835-B318-352C6DFED25A}.Release|Any CPU.Build.0 = Release|Any CPU
		{76B9850B-A696-4201-8FEA-889105C1ADA1}.Debug|Any CPU.ActiveCfg = Debug|Any CPU
		{76B9850B-A696-4201-8FEA-889105C1ADA1}.Debug|Any CPU.Build.0 = Debug|Any CPU
		{76B9850B-A696-4201-8FEA-889105C1ADA1}.Release|Any CPU.ActiveCfg = Release|Any CPU
		{76B9850B-A696-4201-8FEA-889105C1ADA1}.Release|Any CPU.Build.0 = Release|Any CPU
		{EEE79714-2B94-482D-942B-68265E1996E6}.Debug|Any CPU.ActiveCfg = Debug|Any CPU
		{EEE79714-2B94-482D-942B-68265E1996E6}.Debug|Any CPU.Build.0 = Debug|Any CPU
		{EEE79714-2B94-482D-942B-68265E1996E6}.Release|Any CPU.ActiveCfg = Release|Any CPU
		{EEE79714-2B94-482D-942B-68265E1996E6}.Release|Any CPU.Build.0 = Release|Any CPU
		{4DF4FD3A-02DA-43AD-9FE6-3AFCBBA46EBD}.Debug|Any CPU.ActiveCfg = Debug|Any CPU
		{4DF4FD3A-02DA-43AD-9FE6-3AFCBBA46EBD}.Debug|Any CPU.Build.0 = Debug|Any CPU
		{4DF4FD3A-02DA-43AD-9FE6-3AFCBBA46EBD}.Release|Any CPU.ActiveCfg = Release|Any CPU
		{4DF4FD3A-02DA-43AD-9FE6-3AFCBBA46EBD}.Release|Any CPU.Build.0 = Release|Any CPU
		{7954C6EC-FE42-4BA5-868A-0BF384DC98C3}.Debug|Any CPU.ActiveCfg = Debug|Any CPU
		{7954C6EC-FE42-4BA5-868A-0BF384DC98C3}.Debug|Any CPU.Build.0 = Debug|Any CPU
		{7954C6EC-FE42-4BA5-868A-0BF384DC98C3}.Release|Any CPU.ActiveCfg = Release|Any CPU
		{7954C6EC-FE42-4BA5-868A-0BF384DC98C3}.Release|Any CPU.Build.0 = Release|Any CPU
		{BB07933B-8161-4DA7-91AC-926AECDC6161}.Debug|Any CPU.ActiveCfg = Debug|Any CPU
		{BB07933B-8161-4DA7-91AC-926AECDC6161}.Debug|Any CPU.Build.0 = Debug|Any CPU
		{BB07933B-8161-4DA7-91AC-926AECDC6161}.Release|Any CPU.ActiveCfg = Release|Any CPU
		{BB07933B-8161-4DA7-91AC-926AECDC6161}.Release|Any CPU.Build.0 = Release|Any CPU
		{ACD6A3E0-BECE-4D66-8B38-84AB02067B94}.Debug|Any CPU.ActiveCfg = Debug|Any CPU
		{ACD6A3E0-BECE-4D66-8B38-84AB02067B94}.Debug|Any CPU.Build.0 = Debug|Any CPU
		{ACD6A3E0-BECE-4D66-8B38-84AB02067B94}.Release|Any CPU.ActiveCfg = Release|Any CPU
		{ACD6A3E0-BECE-4D66-8B38-84AB02067B94}.Release|Any CPU.Build.0 = Release|Any CPU
		{E7B1FBA8-43D0-4A0D-ABD8-09E3EE23323C}.Debug|Any CPU.ActiveCfg = Debug|Any CPU
		{E7B1FBA8-43D0-4A0D-ABD8-09E3EE23323C}.Debug|Any CPU.Build.0 = Debug|Any CPU
		{E7B1FBA8-43D0-4A0D-ABD8-09E3EE23323C}.Release|Any CPU.ActiveCfg = Release|Any CPU
		{E7B1FBA8-43D0-4A0D-ABD8-09E3EE23323C}.Release|Any CPU.Build.0 = Release|Any CPU
		{745D4A84-F705-43A3-9B9F-E8D778A4CDC0}.Debug|Any CPU.ActiveCfg = Debug|Any CPU
		{745D4A84-F705-43A3-9B9F-E8D778A4CDC0}.Debug|Any CPU.Build.0 = Debug|Any CPU
		{745D4A84-F705-43A3-9B9F-E8D778A4CDC0}.Release|Any CPU.ActiveCfg = Release|Any CPU
		{745D4A84-F705-43A3-9B9F-E8D778A4CDC0}.Release|Any CPU.Build.0 = Release|Any CPU
		{3C02A78F-9339-40A4-AB71-89842F7FEA1B}.Debug|Any CPU.ActiveCfg = Debug|Any CPU
		{3C02A78F-9339-40A4-AB71-89842F7FEA1B}.Debug|Any CPU.Build.0 = Debug|Any CPU
		{3C02A78F-9339-40A4-AB71-89842F7FEA1B}.Release|Any CPU.ActiveCfg = Release|Any CPU
		{3C02A78F-9339-40A4-AB71-89842F7FEA1B}.Release|Any CPU.Build.0 = Release|Any CPU
		{27F780DD-947A-4B22-85BD-90D125CCAE2B}.Debug|Any CPU.ActiveCfg = Debug|Any CPU
		{27F780DD-947A-4B22-85BD-90D125CCAE2B}.Debug|Any CPU.Build.0 = Debug|Any CPU
		{27F780DD-947A-4B22-85BD-90D125CCAE2B}.Release|Any CPU.ActiveCfg = Release|Any CPU
		{27F780DD-947A-4B22-85BD-90D125CCAE2B}.Release|Any CPU.Build.0 = Release|Any CPU
		{0A7F47A4-8CAD-427B-BB24-7F22FABE29CD}.Debug|Any CPU.ActiveCfg = Debug|Any CPU
		{0A7F47A4-8CAD-427B-BB24-7F22FABE29CD}.Debug|Any CPU.Build.0 = Debug|Any CPU
		{0A7F47A4-8CAD-427B-BB24-7F22FABE29CD}.Release|Any CPU.ActiveCfg = Release|Any CPU
		{0A7F47A4-8CAD-427B-BB24-7F22FABE29CD}.Release|Any CPU.Build.0 = Release|Any CPU
		{38B46E47-B677-4AAE-9F9B-743DDFC39369}.Debug|Any CPU.ActiveCfg = Debug|Any CPU
		{38B46E47-B677-4AAE-9F9B-743DDFC39369}.Debug|Any CPU.Build.0 = Debug|Any CPU
		{38B46E47-B677-4AAE-9F9B-743DDFC39369}.Release|Any CPU.ActiveCfg = Release|Any CPU
		{38B46E47-B677-4AAE-9F9B-743DDFC39369}.Release|Any CPU.Build.0 = Release|Any CPU
		{E7814C85-16E2-444A-8151-487260E0A6D6}.Debug|Any CPU.ActiveCfg = Debug|Any CPU
		{E7814C85-16E2-444A-8151-487260E0A6D6}.Debug|Any CPU.Build.0 = Debug|Any CPU
		{E7814C85-16E2-444A-8151-487260E0A6D6}.Release|Any CPU.ActiveCfg = Release|Any CPU
		{E7814C85-16E2-444A-8151-487260E0A6D6}.Release|Any CPU.Build.0 = Release|Any CPU
		{E0D8EF40-88E6-4261-A1B4-29C3AD5657E6}.Debug|Any CPU.ActiveCfg = Debug|Any CPU
		{E0D8EF40-88E6-4261-A1B4-29C3AD5657E6}.Debug|Any CPU.Build.0 = Debug|Any CPU
		{E0D8EF40-88E6-4261-A1B4-29C3AD5657E6}.Release|Any CPU.ActiveCfg = Release|Any CPU
		{E0D8EF40-88E6-4261-A1B4-29C3AD5657E6}.Release|Any CPU.Build.0 = Release|Any CPU
	EndGlobalSection
	GlobalSection(SolutionProperties) = preSolution
		HideSolutionNode = FALSE
	EndGlobalSection
	GlobalSection(NestedProjects) = preSolution
		{3A8993C3-DFBB-4341-8D57-0EFF85217F2F} = {9B3A72D6-18F9-460A-93F6-08AF53E9CF32}
		{A1157056-7B1B-48B8-AEF9-C69C5AA39E65} = {3094D812-08DB-48B2-9A61-A9CE400CC72D}
		{A6415800-289A-4CA3-B919-7A9AD4CA5BA1} = {3094D812-08DB-48B2-9A61-A9CE400CC72D}
		{BA8AAE5C-0FC5-4C88-AE70-7B776B1706CC} = {3094D812-08DB-48B2-9A61-A9CE400CC72D}
		{4BF3A01F-D27F-43AD-8C10-9EE55DF5B2DD} = {729BC23B-2B6F-4486-B091-BA49AD0E9612}
		{A51CA6AA-7385-4AF8-9732-543838DBA8A3} = {729BC23B-2B6F-4486-B091-BA49AD0E9612}
		{2D08EF98-EEAD-484F-901C-BB6D27E3F311} = {729BC23B-2B6F-4486-B091-BA49AD0E9612}
		{A81EC041-C8CD-46F5-92EA-CA362C703C2C} = {729BC23B-2B6F-4486-B091-BA49AD0E9612}
		{AB377F65-02F8-4B5E-B85E-4B76F59CD6B3} = {729BC23B-2B6F-4486-B091-BA49AD0E9612}
		{F3F490D4-8B72-45AC-9970-70E9DF0B929F} = {729BC23B-2B6F-4486-B091-BA49AD0E9612}
		{52868F4B-DD6F-4514-9E06-160CAB270BBB} = {729BC23B-2B6F-4486-B091-BA49AD0E9612}
		{0F2F16F2-7794-4FB8-99D8-CD8B77F928A1} = {4BF3A01F-D27F-43AD-8C10-9EE55DF5B2DD}
		{D1B7F166-8F02-4344-9766-D2A14621D976} = {4BF3A01F-D27F-43AD-8C10-9EE55DF5B2DD}
		{016B1102-958F-4B55-97EA-FA3F56E369FD} = {4BF3A01F-D27F-43AD-8C10-9EE55DF5B2DD}
		{C83226DD-6B04-4C2E-8CE3-77413F289494} = {4BF3A01F-D27F-43AD-8C10-9EE55DF5B2DD}
		{C373F9EB-5279-482C-9518-D4A40E24A551} = {729BC23B-2B6F-4486-B091-BA49AD0E9612}
		{55B3001F-46E4-49FE-AC92-C980E484E402} = {C373F9EB-5279-482C-9518-D4A40E24A551}
		{A2372D17-ADC0-42ED-B3E4-80EB023764AB} = {C373F9EB-5279-482C-9518-D4A40E24A551}
		{7B017F4E-86C2-4A92-96D0-96BBC842AD54} = {C373F9EB-5279-482C-9518-D4A40E24A551}
		{9427FC24-2BD3-4BFF-893E-FC4CC483A0B1} = {C373F9EB-5279-482C-9518-D4A40E24A551}
		{1C8F7E0C-E78F-4B5B-BB41-4893AF5A89A1} = {3094D812-08DB-48B2-9A61-A9CE400CC72D}
		{D576562D-11AC-4E17-A3DE-F7D0E8FEAEF0} = {A51CA6AA-7385-4AF8-9732-543838DBA8A3}
		{3E1AAC2E-9F04-4835-B318-352C6DFED25A} = {A51CA6AA-7385-4AF8-9732-543838DBA8A3}
		{76B9850B-A696-4201-8FEA-889105C1ADA1} = {A51CA6AA-7385-4AF8-9732-543838DBA8A3}
		{EEE79714-2B94-482D-942B-68265E1996E6} = {A51CA6AA-7385-4AF8-9732-543838DBA8A3}
		{4DF4FD3A-02DA-43AD-9FE6-3AFCBBA46EBD} = {A81EC041-C8CD-46F5-92EA-CA362C703C2C}
		{7954C6EC-FE42-4BA5-868A-0BF384DC98C3} = {A81EC041-C8CD-46F5-92EA-CA362C703C2C}
		{BB07933B-8161-4DA7-91AC-926AECDC6161} = {A81EC041-C8CD-46F5-92EA-CA362C703C2C}
		{ACD6A3E0-BECE-4D66-8B38-84AB02067B94} = {A81EC041-C8CD-46F5-92EA-CA362C703C2C}
		{E7B1FBA8-43D0-4A0D-ABD8-09E3EE23323C} = {2D08EF98-EEAD-484F-901C-BB6D27E3F311}
		{745D4A84-F705-43A3-9B9F-E8D778A4CDC0} = {2D08EF98-EEAD-484F-901C-BB6D27E3F311}
		{3C02A78F-9339-40A4-AB71-89842F7FEA1B} = {2D08EF98-EEAD-484F-901C-BB6D27E3F311}
		{27F780DD-947A-4B22-85BD-90D125CCAE2B} = {2D08EF98-EEAD-484F-901C-BB6D27E3F311}
		{0A7F47A4-8CAD-427B-BB24-7F22FABE29CD} = {F3F490D4-8B72-45AC-9970-70E9DF0B929F}
		{38B46E47-B677-4AAE-9F9B-743DDFC39369} = {F3F490D4-8B72-45AC-9970-70E9DF0B929F}
		{E7814C85-16E2-444A-8151-487260E0A6D6} = {F3F490D4-8B72-45AC-9970-70E9DF0B929F}
		{E0D8EF40-88E6-4261-A1B4-29C3AD5657E6} = {F3F490D4-8B72-45AC-9970-70E9DF0B929F}
	EndGlobalSection
	GlobalSection(ExtensibilityGlobals) = postSolution
		SolutionGuid = {E947355F-3F8C-4FC6-92C7-73110AFFA40A}
	EndGlobalSection
EndGlobal
